version = 1
requires-python = ">=3.13"

[[package]]
name = "cfgv"
version = "3.4.0"
source = { registry = "https://pypi.org/simple" }
sdist = { url = "https://files.pythonhosted.org/packages/11/74/539e56497d9bd1d484fd863dd69cbbfa653cd2aa27abfe35653494d85e94/cfgv-3.4.0.tar.gz", hash = "sha256:e52591d4c5f5dead8e0f673fb16db7949d2cfb3f7da4582893288f0ded8fe560", size = 7114 }
wheels = [
    { url = "https://files.pythonhosted.org/packages/c5/55/51844dd50c4fc7a33b653bfaba4c2456f06955289ca770a5dbd5fd267374/cfgv-3.4.0-py2.py3-none-any.whl", hash = "sha256:b7265b1f29fd3316bfcd2b330d63d024f2bfd8bcb8b0272f8e19a504856c48f9", size = 7249 },
]

[[package]]
name = "distlib"
version = "0.3.9"
source = { registry = "https://pypi.org/simple" }
sdist = { url = "https://files.pythonhosted.org/packages/0d/dd/1bec4c5ddb504ca60fc29472f3d27e8d4da1257a854e1d96742f15c1d02d/distlib-0.3.9.tar.gz", hash = "sha256:a60f20dea646b8a33f3e7772f74dc0b2d0772d2837ee1342a00645c81edf9403", size = 613923 }
wheels = [
    { url = "https://files.pythonhosted.org/packages/91/a1/cf2472db20f7ce4a6be1253a81cfdf85ad9c7885ffbed7047fb72c24cf87/distlib-0.3.9-py2.py3-none-any.whl", hash = "sha256:47f8c22fd27c27e25a65601af709b38e4f0a45ea4fc2e710f65755fa8caaaf87", size = 468973 },
]

[[package]]
name = "filelock"
version = "3.16.1"
source = { registry = "https://pypi.org/simple" }
sdist = { url = "https://files.pythonhosted.org/packages/9d/db/3ef5bb276dae18d6ec2124224403d1d67bccdbefc17af4cc8f553e341ab1/filelock-3.16.1.tar.gz", hash = "sha256:c249fbfcd5db47e5e2d6d62198e565475ee65e4831e2561c8e313fa7eb961435", size = 18037 }
wheels = [
    { url = "https://files.pythonhosted.org/packages/b9/f8/feced7779d755758a52d1f6635d990b8d98dc0a29fa568bbe0625f18fdf3/filelock-3.16.1-py3-none-any.whl", hash = "sha256:2082e5703d51fbf98ea75855d9d5527e33d8ff23099bec374a134febee6946b0", size = 16163 },
]

[[package]]
name = "identify"
version = "2.6.5"
source = { registry = "https://pypi.org/simple" }
sdist = { url = "https://files.pythonhosted.org/packages/cf/92/69934b9ef3c31ca2470980423fda3d00f0460ddefdf30a67adf7f17e2e00/identify-2.6.5.tar.gz", hash = "sha256:c10b33f250e5bba374fae86fb57f3adcebf1161bce7cdf92031915fd480c13bc", size = 99213 }
wheels = [
    { url = "https://files.pythonhosted.org/packages/ec/fa/dce098f4cdf7621aa8f7b4f919ce545891f489482f0bfa5102f3eca8608b/identify-2.6.5-py2.py3-none-any.whl", hash = "sha256:14181a47091eb75b337af4c23078c9d09225cd4c48929f521f3bf16b09d02566", size = 99078 },
]

[[package]]
name = "markdown-it-py"
version = "3.0.0"
source = { registry = "https://pypi.org/simple" }
dependencies = [
    { name = "mdurl" },
]
sdist = { url = "https://files.pythonhosted.org/packages/38/71/3b932df36c1a044d397a1f92d1cf91ee0a503d91e470cbd670aa66b07ed0/markdown-it-py-3.0.0.tar.gz", hash = "sha256:e3f60a94fa066dc52ec76661e37c851cb232d92f9886b15cb560aaada2df8feb", size = 74596 }
wheels = [
    { url = "https://files.pythonhosted.org/packages/42/d7/1ec15b46af6af88f19b8e5ffea08fa375d433c998b8a7639e76935c14f1f/markdown_it_py-3.0.0-py3-none-any.whl", hash = "sha256:355216845c60bd96232cd8d8c40e8f9765cc86f46880e43a8fd22dc1a1a8cab1", size = 87528 },
]

[[package]]
name = "mdurl"
version = "0.1.2"
source = { registry = "https://pypi.org/simple" }
sdist = { url = "https://files.pythonhosted.org/packages/d6/54/cfe61301667036ec958cb99bd3efefba235e65cdeb9c84d24a8293ba1d90/mdurl-0.1.2.tar.gz", hash = "sha256:bb413d29f5eea38f31dd4754dd7377d4465116fb207585f97bf925588687c1ba", size = 8729 }
wheels = [
    { url = "https://files.pythonhosted.org/packages/b3/38/89ba8ad64ae25be8de66a6d463314cf1eb366222074cfda9ee839c56a4b4/mdurl-0.1.2-py3-none-any.whl", hash = "sha256:84008a41e51615a49fc9966191ff91509e3c40b939176e643fd50a5c2196b8f8", size = 9979 },
]

[[package]]
name = "nodeenv"
version = "1.9.1"
source = { registry = "https://pypi.org/simple" }
sdist = { url = "https://files.pythonhosted.org/packages/43/16/fc88b08840de0e0a72a2f9d8c6bae36be573e475a6326ae854bcc549fc45/nodeenv-1.9.1.tar.gz", hash = "sha256:6ec12890a2dab7946721edbfbcd91f3319c6ccc9aec47be7c7e6b7011ee6645f", size = 47437 }
wheels = [
    { url = "https://files.pythonhosted.org/packages/d2/1d/1b658dbd2b9fa9c4c9f32accbfc0205d532c8c6194dc0f2a4c0428e7128a/nodeenv-1.9.1-py2.py3-none-any.whl", hash = "sha256:ba11c9782d29c27c70ffbdda2d7415098754709be8a7056d79a737cd901155c9", size = 22314 },
]

[[package]]
name = "platformdirs"
version = "4.3.6"
source = { registry = "https://pypi.org/simple" }
sdist = { url = "https://files.pythonhosted.org/packages/13/fc/128cc9cb8f03208bdbf93d3aa862e16d376844a14f9a0ce5cf4507372de4/platformdirs-4.3.6.tar.gz", hash = "sha256:357fb2acbc885b0419afd3ce3ed34564c13c9b95c89360cd9563f73aa5e2b907", size = 21302 }
wheels = [
    { url = "https://files.pythonhosted.org/packages/3c/a6/bc1012356d8ece4d66dd75c4b9fc6c1f6650ddd5991e421177d9f8f671be/platformdirs-4.3.6-py3-none-any.whl", hash = "sha256:73e575e1408ab8103900836b97580d5307456908a03e92031bab39e4554cc3fb", size = 18439 },
]

[[package]]
name = "pre-commit"
version = "4.0.1"
source = { registry = "https://pypi.org/simple" }
dependencies = [
    { name = "cfgv" },
    { name = "identify" },
    { name = "nodeenv" },
    { name = "pyyaml" },
    { name = "virtualenv" },
]
sdist = { url = "https://files.pythonhosted.org/packages/2e/c8/e22c292035f1bac8b9f5237a2622305bc0304e776080b246f3df57c4ff9f/pre_commit-4.0.1.tar.gz", hash = "sha256:80905ac375958c0444c65e9cebebd948b3cdb518f335a091a670a89d652139d2", size = 191678 }
wheels = [
    { url = "https://files.pythonhosted.org/packages/16/8f/496e10d51edd6671ebe0432e33ff800aa86775d2d147ce7d43389324a525/pre_commit-4.0.1-py2.py3-none-any.whl", hash = "sha256:efde913840816312445dc98787724647c65473daefe420785f885e8ed9a06878", size = 218713 },
]

[[package]]
name = "py-100-days-of-learning"
version = "0.1.0"
source = { virtual = "." }
dependencies = [
    { name = "pre-commit" },
    { name = "rich" },
    { name = "ruff" },
]

[package.metadata]
requires-dist = [
    { name = "pre-commit", specifier = ">=4.0.1" },
    { name = "rich", specifier = ">=13.9.4" },
    { name = "ruff", specifier = ">=0.7.4" },
]

[[package]]
name = "pygments"
version = "2.19.1"
source = { registry = "https://pypi.org/simple" }
sdist = { url = "https://files.pythonhosted.org/packages/7c/2d/c3338d48ea6cc0feb8446d8e6937e1408088a72a39937982cc6111d17f84/pygments-2.19.1.tar.gz", hash = "sha256:61c16d2a8576dc0649d9f39e089b5f02bcd27fba10d8fb4dcc28173f7a45151f", size = 4968581 }
wheels = [
    { url = "https://files.pythonhosted.org/packages/8a/0b/9fcc47d19c48b59121088dd6da2488a49d5f72dacf8262e2790a1d2c7d15/pygments-2.19.1-py3-none-any.whl", hash = "sha256:9ea1544ad55cecf4b8242fab6dd35a93bbce657034b0611ee383099054ab6d8c", size = 1225293 },
]

[[package]]
name = "pyyaml"
version = "6.0.2"
source = { registry = "https://pypi.org/simple" }
sdist = { url = "https://files.pythonhosted.org/packages/54/ed/79a089b6be93607fa5cdaedf301d7dfb23af5f25c398d5ead2525b063e17/pyyaml-6.0.2.tar.gz", hash = "sha256:d584d9ec91ad65861cc08d42e834324ef890a082e591037abe114850ff7bbc3e", size = 130631 }
wheels = [
    { url = "https://files.pythonhosted.org/packages/ef/e3/3af305b830494fa85d95f6d95ef7fa73f2ee1cc8ef5b495c7c3269fb835f/PyYAML-6.0.2-cp313-cp313-macosx_10_13_x86_64.whl", hash = "sha256:efdca5630322a10774e8e98e1af481aad470dd62c3170801852d752aa7a783ba", size = 181309 },
    { url = "https://files.pythonhosted.org/packages/45/9f/3b1c20a0b7a3200524eb0076cc027a970d320bd3a6592873c85c92a08731/PyYAML-6.0.2-cp313-cp313-macosx_11_0_arm64.whl", hash = "sha256:50187695423ffe49e2deacb8cd10510bc361faac997de9efef88badc3bb9e2d1", size = 171679 },
    { url = "https://files.pythonhosted.org/packages/7c/9a/337322f27005c33bcb656c655fa78325b730324c78620e8328ae28b64d0c/PyYAML-6.0.2-cp313-cp313-manylinux_2_17_aarch64.manylinux2014_aarch64.whl", hash = "sha256:0ffe8360bab4910ef1b9e87fb812d8bc0a308b0d0eef8c8f44e0254ab3b07133", size = 733428 },
    { url = "https://files.pythonhosted.org/packages/a3/69/864fbe19e6c18ea3cc196cbe5d392175b4cf3d5d0ac1403ec3f2d237ebb5/PyYAML-6.0.2-cp313-cp313-manylinux_2_17_s390x.manylinux2014_s390x.whl", hash = "sha256:17e311b6c678207928d649faa7cb0d7b4c26a0ba73d41e99c4fff6b6c3276484", size = 763361 },
    { url = "https://files.pythonhosted.org/packages/04/24/b7721e4845c2f162d26f50521b825fb061bc0a5afcf9a386840f23ea19fa/PyYAML-6.0.2-cp313-cp313-manylinux_2_17_x86_64.manylinux2014_x86_64.whl", hash = "sha256:70b189594dbe54f75ab3a1acec5f1e3faa7e8cf2f1e08d9b561cb41b845f69d5", size = 759523 },
    { url = "https://files.pythonhosted.org/packages/2b/b2/e3234f59ba06559c6ff63c4e10baea10e5e7df868092bf9ab40e5b9c56b6/PyYAML-6.0.2-cp313-cp313-musllinux_1_1_aarch64.whl", hash = "sha256:41e4e3953a79407c794916fa277a82531dd93aad34e29c2a514c2c0c5fe971cc", size = 726660 },
    { url = "https://files.pythonhosted.org/packages/fe/0f/25911a9f080464c59fab9027482f822b86bf0608957a5fcc6eaac85aa515/PyYAML-6.0.2-cp313-cp313-musllinux_1_1_x86_64.whl", hash = "sha256:68ccc6023a3400877818152ad9a1033e3db8625d899c72eacb5a668902e4d652", size = 751597 },
    { url = "https://files.pythonhosted.org/packages/14/0d/e2c3b43bbce3cf6bd97c840b46088a3031085179e596d4929729d8d68270/PyYAML-6.0.2-cp313-cp313-win32.whl", hash = "sha256:bc2fa7c6b47d6bc618dd7fb02ef6fdedb1090ec036abab80d4681424b84c1183", size = 140527 },
    { url = "https://files.pythonhosted.org/packages/fa/de/02b54f42487e3d3c6efb3f89428677074ca7bf43aae402517bc7cca949f3/PyYAML-6.0.2-cp313-cp313-win_amd64.whl", hash = "sha256:8388ee1976c416731879ac16da0aff3f63b286ffdd57cdeb95f3f2e085687563", size = 156446 },
]

[[package]]
name = "rich"
version = "13.9.4"
source = { registry = "https://pypi.org/simple" }
dependencies = [
    { name = "markdown-it-py" },
    { name = "pygments" },
]
sdist = { url = "https://files.pythonhosted.org/packages/ab/3a/0316b28d0761c6734d6bc14e770d85506c986c85ffb239e688eeaab2c2bc/rich-13.9.4.tar.gz", hash = "sha256:439594978a49a09530cff7ebc4b5c7103ef57baf48d5ea3184f21d9a2befa098", size = 223149 }
wheels = [
    { url = "https://files.pythonhosted.org/packages/19/71/39c7c0d87f8d4e6c020a393182060eaefeeae6c01dab6a84ec346f2567df/rich-13.9.4-py3-none-any.whl", hash = "sha256:6049d5e6ec054bf2779ab3358186963bac2ea89175919d699e378b99738c2a90", size = 242424 },
]

[[package]]
name = "ruff"
version = "0.9.0"
source = { registry = "https://pypi.org/simple" }
sdist = { url = "https://files.pythonhosted.org/packages/75/48/385f276f41e89623a5ea8e4eb9c619a44fdfc2a64849916b3584eca6cb9f/ruff-0.9.0.tar.gz", hash = "sha256:143f68fa5560ecf10fc49878b73cee3eab98b777fcf43b0e62d43d42f5ef9d8b", size = 3489167 }
wheels = [
    { url = "https://files.pythonhosted.org/packages/e9/01/e0885e5519212efc7ab9d868bc39cb9781931c4c6f9b17becafa81193ec4/ruff-0.9.0-py3-none-linux_armv6l.whl", hash = "sha256:949b3513f931741e006cf267bf89611edff04e1f012013424022add3ce78f319", size = 10647069 },
    { url = "https://files.pythonhosted.org/packages/dd/69/510a9a5781dcf84c2ad513c2003936fefc802f39c745d5f2355d77fa45fd/ruff-0.9.0-py3-none-macosx_10_12_x86_64.whl", hash = "sha256:99fbcb8c7fe94ae1e462ab2a1ef17cb20b25fb6438b9f198b1bcf5207a0a7916", size = 10401936 },
    { url = "https://files.pythonhosted.org/packages/07/9f/37fb86bfdf28c4cbfe94cbcc01fb9ab0cb8128548f243f34d5298b212562/ruff-0.9.0-py3-none-macosx_11_0_arm64.whl", hash = "sha256:0b022afd8eb0fcfce1e0adec84322abf4d6ce3cd285b3b99c4f17aae7decf749", size = 10010347 },
    { url = "https://files.pythonhosted.org/packages/30/0d/b95121f53c7f7bfb7ba427a35d25f983ed3b476620c5cd69f45caa5b294e/ruff-0.9.0-py3-none-manylinux_2_17_aarch64.manylinux2014_aarch64.whl", hash = "sha256:336567ce92c9ca8ec62780d07b5fa11fbc881dc7bb40958f93a7d621e7ab4589", size = 10882152 },
    { url = "https://files.pythonhosted.org/packages/d4/0b/a955cb6b19eb900c4c594707ab72132ce2d5cd8b5565137fb8fed21b8f08/ruff-0.9.0-py3-none-manylinux_2_17_armv7l.manylinux2014_armv7l.whl", hash = "sha256:d338336c44bda602dc8e8766836ac0441e5b0dfeac3af1bd311a97ebaf087a75", size = 10405502 },
    { url = "https://files.pythonhosted.org/packages/1e/fa/9a6c70af74f20edd2519b89eb3322f4bfa399315cf306383443700f2d6b6/ruff-0.9.0-py3-none-manylinux_2_17_i686.manylinux2014_i686.whl", hash = "sha256:d9b3ececf523d733e90b540e7afcc0494189e8999847f8855747acd5a9a8c45f", size = 11465069 },
    { url = "https://files.pythonhosted.org/packages/ee/8b/7effac8915470da496be009fe861060baff2692f92801976b2c01cdc8c54/ruff-0.9.0-py3-none-manylinux_2_17_ppc64.manylinux2014_ppc64.whl", hash = "sha256:a11c0872a31232e473e2e0e2107f3d294dbadd2f83fb281c3eb1c22a24866924", size = 12176850 },
    { url = "https://files.pythonhosted.org/packages/bd/ed/626179786889eca47b1e821c1582622ac0c1c8f01d60ac974f8b96867a57/ruff-0.9.0-py3-none-manylinux_2_17_ppc64le.manylinux2014_ppc64le.whl", hash = "sha256:b5fd06220c17a9cc0dc7fc6552f2ac4db74e8e8bff9c401d160ac59d00566f54", size = 11700963 },
    { url = "https://files.pythonhosted.org/packages/75/79/094c34ddec47fd3c61a0bc5e83ca164344c592949cff91f05961fd40922e/ruff-0.9.0-py3-none-manylinux_2_17_s390x.manylinux2014_s390x.whl", hash = "sha256:0457e775c74bf3976243f910805242b7dcd389e1d440deccbd1194ca17a5728c", size = 13096560 },
    { url = "https://files.pythonhosted.org/packages/e7/23/ec85dca0dcb329835197401734501bfa1d39e72343df64628c67b72bcbf5/ruff-0.9.0-py3-none-manylinux_2_17_x86_64.manylinux2014_x86_64.whl", hash = "sha256:05415599bbcb318f730ea1b46a39e4fbf71f6a63fdbfa1dda92efb55f19d7ecf", size = 11278658 },
    { url = "https://files.pythonhosted.org/packages/6c/17/1b3ea5f06578ea1daa08ac35f9de099d1827eea6e116a8cabbf11235c925/ruff-0.9.0-py3-none-musllinux_1_2_aarch64.whl", hash = "sha256:fbf9864b009e43cfc1c8bed1a6a4c529156913105780af4141ca4342148517f5", size = 10879847 },
    { url = "https://files.pythonhosted.org/packages/a6/e5/00bc97d6f419da03c0d898e95cca77311494e7274dc7cc17d94976e32e52/ruff-0.9.0-py3-none-musllinux_1_2_armv7l.whl", hash = "sha256:37b3da222b12e2bb2ce628e02586ab4846b1ed7f31f42a5a0683b213453b2d49", size = 10494220 },
    { url = "https://files.pythonhosted.org/packages/cc/70/d0a23d94f3e40b7ffac0e5506f33bb504672569173781a6c7cab0db6a4ba/ruff-0.9.0-py3-none-musllinux_1_2_i686.whl", hash = "sha256:733c0fcf2eb0c90055100b4ed1af9c9d87305b901a8feb6a0451fa53ed88199d", size = 11004182 },
    { url = "https://files.pythonhosted.org/packages/20/8e/367cf8e401890f823d0e4eb33635d0113719d5660b6522b7295376dd95fd/ruff-0.9.0-py3-none-musllinux_1_2_x86_64.whl", hash = "sha256:8221a454bfe5ccdf8017512fd6bb60e6ec30f9ea252b8a80e5b73619f6c3cefd", size = 11345761 },
    { url = "https://files.pythonhosted.org/packages/fe/08/4b54e02da73060ebc29368ab15868613f7d2496bde3b01d284d5423646bc/ruff-0.9.0-py3-none-win32.whl", hash = "sha256:d345f2178afd192c7991ddee59155c58145e12ad81310b509bd2e25c5b0247b3", size = 8807005 },
    { url = "https://files.pythonhosted.org/packages/a1/a7/0b422971e897c51bf805f998d75bcfe5d4d858f5002203832875fc91b733/ruff-0.9.0-py3-none-win_amd64.whl", hash = "sha256:0cbc0905d94d21305872f7f8224e30f4bbcd532bc21b2225b2446d8fc7220d19", size = 9689974 },
    { url = "https://files.pythonhosted.org/packages/73/0e/c00f66731e514be3299801b1d9d54efae0abfe8f00a5c14155f2ab9e2920/ruff-0.9.0-py3-none-win_arm64.whl", hash = "sha256:7b1148771c6ca88f820d761350a053a5794bc58e0867739ea93eb5e41ad978cd", size = 9147729 },
]

[[package]]
name = "virtualenv"
version = "20.28.1"
source = { registry = "https://pypi.org/simple" }
dependencies = [
    { name = "distlib" },
    { name = "filelock" },
    { name = "platformdirs" },
]
sdist = { url = "https://files.pythonhosted.org/packages/50/39/689abee4adc85aad2af8174bb195a819d0be064bf55fcc73b49d2b28ae77/virtualenv-20.28.1.tar.gz", hash = "sha256:5d34ab240fdb5d21549b76f9e8ff3af28252f5499fb6d6f031adac4e5a8c5329", size = 7650532 }
wheels = [
    { url = "https://files.pythonhosted.org/packages/51/8f/dfb257ca6b4e27cb990f1631142361e4712badab8e3ca8dc134d96111515/virtualenv-20.28.1-py3-none-any.whl", hash = "sha256:412773c85d4dab0409b83ec36f7a6499e72eaf08c80e81e9576bca61831c71cb", size = 4276719 },
]
